
Microsoft Visual Studio Solution File, Format Version 11.00
# Visual Studio 2010
Project("{FAE04EC0-301F-11D3-BF4B-00C04F79EFBC}") = "SignatureMover", "SignatureMover\SignatureMover.csproj", "{F7385C7C-A5BB-4B39-8DE4-234D10A86FC3}"
EndProject
Global
	GlobalSection(SolutionConfigurationPlatforms) = preSolution
		Debug|x86 = Debug|x86
		Release|x86 = Release|x86
	EndGlobalSection
	GlobalSection(ProjectConfigurationPlatforms) = postSolution
		{F7385C7C-A5BB-4B39-8DE4-234D10A86FC3}.Debug|x86.ActiveCfg = Debug|x86
		{F7385C7C-A5BB-4B39-8DE4-234D10A86FC3}.Debug|x86.Build.0 = Debug|x86
		{F7385C7C-A5BB-4B39-8DE4-234D10A86FC3}.Release|x86.ActiveCfg = Release|x86
		{F7385C7C-A5BB-4B39-8DE4-234D10A86FC3}.Release|x86.Build.0 = Release|x86
	EndGlobalSection
	GlobalSection(SolutionProperties) = preSolution
		HideSolutionNode = FALSE
	EndGlobalSection
EndGlobal
